
Microsoft Visual Studio Solution File, Format Version 12.00
# Visual Studio Version 16
VisualStudioVersion = 16.0.29306.81
MinimumVisualStudioVersion = 10.0.40219.1
Project("{FAE04EC0-301F-11D3-BF4B-00C04F79EFBC}") = "example", "example\example.csproj", "{3BC8C31C-DA2B-4485-8E96-B68C79D9D445}"
EndProject
Global
	GlobalSection(SolutionConfigurationPlatforms) = preSolution
		Debug|Any CPU = Debug|Any CPU
		Release|Any CPU = Release|Any CPU
	EndGlobalSection
	GlobalSection(ProjectConfigurationPlatforms) = postSolution
		{3BC8C31C-DA2B-4485-8E96-B68C79D9D445}.Debug|Any CPU.ActiveCfg = Debug|Any CPU
		{3BC8C31C-DA2B-4485-8E96-B68C79D9D445}.Debug|Any CPU.Build.0 = Debug|Any CPU
		{3BC8C31C-DA2B-4485-8E96-B68C79D9D445}.Release|Any CPU.ActiveCfg = Release|Any CPU
		{3BC8C31C-DA2B-4485-8E96-B68C79D9D445}.Release|Any CPU.Build.0 = Release|Any CPU
	EndGlobalSection
	GlobalSection(SolutionProperties) = preSolution
		HideSolutionNode = FALSE
	EndGlobalSection
	GlobalSection(ExtensibilityGlobals) = postSolution
		SolutionGuid = {821759DC-4D7F-407C-BF6C-AABDB7773AF0}
	EndGlobalSection
EndGlobal
